
Microsoft Visual Studio Solution File, Format Version 12.00
# Visual Studio Version 17
VisualStudioVersion = 17.8.34408.163
MinimumVisualStudioVersion = 10.0.40219.1
Project("{2150E333-8FDC-42A3-9474-1A3956D46DE8}") = "src", "src", "{EC474C92-639C-47C0-A491-613C393FB782}"
EndProject
Project("{2150E333-8FDC-42A3-9474-1A3956D46DE8}") = "Common", "Common", "{FE0AF0C6-1ED2-4621-AD53-C691F2AE6254}"
EndProject
Project("{2150E333-8FDC-42A3-9474-1A3956D46DE8}") = "Core", "Core", "{7D8D1998-8947-4A40-9C6A-8FE117A7761B}"
EndProject
Project("{2150E333-8FDC-42A3-9474-1A3956D46DE8}") = "Infrastructure", "Infrastructure", "{FCA193A1-7C9C-4385-A33D-47B40C20582C}"
EndProject
Project("{2150E333-8FDC-42A3-9474-1A3956D46DE8}") = "Presentation", "Presentation", "{8E1DAEEC-ABE9-4052-AA76-F29BF1B3AD11}"
EndProject
Project("{9A19103F-16F7-4668-BE54-9A1E7A4F7556}") = "Shared", "Shared\Shared.csproj", "{880E1C79-DB4D-477E-BC90-274303FD66A8}"
EndProject
Project("{9A19103F-16F7-4668-BE54-9A1E7A4F7556}") = "Application", "Application\Application.csproj", "{E446E1B4-49A7-4958-A012-82B5512C8AF7}"
EndProject
Project("{9A19103F-16F7-4668-BE54-9A1E7A4F7556}") = "Domain", "Domain\Domain.csproj", "{79580B63-07EB-4F64-B954-9459E5076011}"
EndProject
Project("{9A19103F-16F7-4668-BE54-9A1E7A4F7556}") = "Infrastructure", "Infrastructure\Infrastructure.csproj", "{0D137BE9-A8D5-4AAF-B4E8-FC7C7F2A7675}"
EndProject
Project("{2150E333-8FDC-42A3-9474-1A3956D46DE8}") = "ClientPackages", "ClientPackages", "{CF51D6C4-8D76-4DB6-8BE3-4BC6276B0F30}"
EndProject
Project("{2150E333-8FDC-42A3-9474-1A3956D46DE8}") = "UI", "UI", "{B8764847-23B4-4531-8673-AB62E983D3BB}"
EndProject
Project("{9A19103F-16F7-4668-BE54-9A1E7A4F7556}") = "HybridMobileProj.Hybrid", "HybridMobileProj.Hybrid\HybridMobileProj.Hybrid.csproj", "{008F7AD1-C192-461D-A7FD-7FC7AF241DDB}"
EndProject
Project("{FAE04EC0-301F-11D3-BF4B-00C04F79EFBC}") = "HybridMobileProj.Client", "HybridMobileProj.Client\HybridMobileProj.Client.csproj", "{7FD01BB9-5B6E-4C3E-BAD1-70DF23887B95}"
EndProject
Global
	GlobalSection(SolutionConfigurationPlatforms) = preSolution
		Debug|Any CPU = Debug|Any CPU
		Release|Any CPU = Release|Any CPU
	EndGlobalSection
	GlobalSection(ProjectConfigurationPlatforms) = postSolution
		{880E1C79-DB4D-477E-BC90-274303FD66A8}.Debug|Any CPU.ActiveCfg = Debug|Any CPU
		{880E1C79-DB4D-477E-BC90-274303FD66A8}.Debug|Any CPU.Build.0 = Debug|Any CPU
		{880E1C79-DB4D-477E-BC90-274303FD66A8}.Release|Any CPU.ActiveCfg = Release|Any CPU
		{880E1C79-DB4D-477E-BC90-274303FD66A8}.Release|Any CPU.Build.0 = Release|Any CPU
		{E446E1B4-49A7-4958-A012-82B5512C8AF7}.Debug|Any CPU.ActiveCfg = Debug|Any CPU
		{E446E1B4-49A7-4958-A012-82B5512C8AF7}.Debug|Any CPU.Build.0 = Debug|Any CPU
		{E446E1B4-49A7-4958-A012-82B5512C8AF7}.Release|Any CPU.ActiveCfg = Release|Any CPU
		{E446E1B4-49A7-4958-A012-82B5512C8AF7}.Release|Any CPU.Build.0 = Release|Any CPU
		{79580B63-07EB-4F64-B954-9459E5076011}.Debug|Any CPU.ActiveCfg = Debug|Any CPU
		{79580B63-07EB-4F64-B954-9459E5076011}.Debug|Any CPU.Build.0 = Debug|Any CPU
		{79580B63-07EB-4F64-B954-9459E5076011}.Release|Any CPU.ActiveCfg = Release|Any CPU
		{79580B63-07EB-4F64-B954-9459E5076011}.Release|Any CPU.Build.0 = Release|Any CPU
		{0D137BE9-A8D5-4AAF-B4E8-FC7C7F2A7675}.Debug|Any CPU.ActiveCfg = Debug|Any CPU
		{0D137BE9-A8D5-4AAF-B4E8-FC7C7F2A7675}.Debug|Any CPU.Build.0 = Debug|Any CPU
		{0D137BE9-A8D5-4AAF-B4E8-FC7C7F2A7675}.Release|Any CPU.ActiveCfg = Release|Any CPU
		{0D137BE9-A8D5-4AAF-B4E8-FC7C7F2A7675}.Release|Any CPU.Build.0 = Release|Any CPU
		{008F7AD1-C192-461D-A7FD-7FC7AF241DDB}.Debug|Any CPU.ActiveCfg = Debug|Any CPU
		{008F7AD1-C192-461D-A7FD-7FC7AF241DDB}.Debug|Any CPU.Build.0 = Debug|Any CPU
		{008F7AD1-C192-461D-A7FD-7FC7AF241DDB}.Debug|Any CPU.Deploy.0 = Debug|Any CPU
		{008F7AD1-C192-461D-A7FD-7FC7AF241DDB}.Release|Any CPU.ActiveCfg = Release|Any CPU
		{008F7AD1-C192-461D-A7FD-7FC7AF241DDB}.Release|Any CPU.Build.0 = Release|Any CPU
		{008F7AD1-C192-461D-A7FD-7FC7AF241DDB}.Release|Any CPU.Deploy.0 = Release|Any CPU
		{7FD01BB9-5B6E-4C3E-BAD1-70DF23887B95}.Debug|Any CPU.ActiveCfg = Debug|Any CPU
		{7FD01BB9-5B6E-4C3E-BAD1-70DF23887B95}.Debug|Any CPU.Build.0 = Debug|Any CPU
		{7FD01BB9-5B6E-4C3E-BAD1-70DF23887B95}.Release|Any CPU.ActiveCfg = Release|Any CPU
		{7FD01BB9-5B6E-4C3E-BAD1-70DF23887B95}.Release|Any CPU.Build.0 = Release|Any CPU
	EndGlobalSection
	GlobalSection(SolutionProperties) = preSolution
		HideSolutionNode = FALSE
	EndGlobalSection
	GlobalSection(NestedProjects) = preSolution
		{FE0AF0C6-1ED2-4621-AD53-C691F2AE6254} = {EC474C92-639C-47C0-A491-613C393FB782}
		{7D8D1998-8947-4A40-9C6A-8FE117A7761B} = {EC474C92-639C-47C0-A491-613C393FB782}
		{FCA193A1-7C9C-4385-A33D-47B40C20582C} = {EC474C92-639C-47C0-A491-613C393FB782}
		{8E1DAEEC-ABE9-4052-AA76-F29BF1B3AD11} = {EC474C92-639C-47C0-A491-613C393FB782}
		{880E1C79-DB4D-477E-BC90-274303FD66A8} = {FE0AF0C6-1ED2-4621-AD53-C691F2AE6254}
		{E446E1B4-49A7-4958-A012-82B5512C8AF7} = {7D8D1998-8947-4A40-9C6A-8FE117A7761B}
		{79580B63-07EB-4F64-B954-9459E5076011} = {7D8D1998-8947-4A40-9C6A-8FE117A7761B}
		{0D137BE9-A8D5-4AAF-B4E8-FC7C7F2A7675} = {FCA193A1-7C9C-4385-A33D-47B40C20582C}
		{CF51D6C4-8D76-4DB6-8BE3-4BC6276B0F30} = {8E1DAEEC-ABE9-4052-AA76-F29BF1B3AD11}
		{B8764847-23B4-4531-8673-AB62E983D3BB} = {8E1DAEEC-ABE9-4052-AA76-F29BF1B3AD11}
		{008F7AD1-C192-461D-A7FD-7FC7AF241DDB} = {B8764847-23B4-4531-8673-AB62E983D3BB}
		{7FD01BB9-5B6E-4C3E-BAD1-70DF23887B95} = {B8764847-23B4-4531-8673-AB62E983D3BB}
	EndGlobalSection
	GlobalSection(ExtensibilityGlobals) = postSolution
		SolutionGuid = {05713542-D1DF-42F3-B6A4-2AB3F17D60AD}
	EndGlobalSection
EndGlobal
